
Microsoft Visual Studio Solution File, Format Version 12.00
# Visual Studio 15
VisualStudioVersion = 15.0.28307.757
MinimumVisualStudioVersion = 10.0.40219.1
Project("{FAE04EC0-301F-11D3-BF4B-00C04F79EFBC}") = "Export", "Export.csproj", "{C988DF41-F3D6-4D78-AB2F-20785EACD664}"
EndProject
Global
	GlobalSection(SolutionConfigurationPlatforms) = preSolution
		Debug|Any CPU = Debug|Any CPU
		Release|Any CPU = Release|Any CPU
	EndGlobalSection
	GlobalSection(ProjectConfigurationPlatforms) = postSolution
		{C988DF41-F3D6-4D78-AB2F-20785EACD664}.Debug|Any CPU.ActiveCfg = Debug|Any CPU
		{C988DF41-F3D6-4D78-AB2F-20785EACD664}.Debug|Any CPU.Build.0 = Debug|Any CPU
		{C988DF41-F3D6-4D78-AB2F-20785EACD664}.Release|Any CPU.ActiveCfg = Release|Any CPU
		{C988DF41-F3D6-4D78-AB2F-20785EACD664}.Release|Any CPU.Build.0 = Release|Any CPU
	EndGlobalSection
	GlobalSection(SolutionProperties) = preSolution
		HideSolutionNode = FALSE
	EndGlobalSection
	GlobalSection(ExtensibilityGlobals) = postSolution
		SolutionGuid = {C43DBD1C-0BF6-420E-9152-BD5929EC40C8}
	EndGlobalSection
EndGlobal
